Microsoft Visual Studio Solution File, Format Version 12.00
# Visual Studio Version 16
VisualStudioVersion = 16.0.0.0
MinimumVisualStudioVersion = 16.0.0.0
Project("{9A19103F-16F7-4668-BE54-9A1E7A4F7556}") = "WebApplication.Server", "WebApplication.Server\WebApplication.Server.csproj", "{9AD42C76-4782-410B-BE6A-C5B9D3451AF3}"
EndProject
Project("{9A19103F-16F7-4668-BE54-9A1E7A4F7556}") = "WebApplication.Client", "WebApplication.Client\WebApplication.Client.csproj", "{E7815DB0-A674-4BC6-9B44-137E58C52A62}"
EndProject
Project("{9A19103F-16F7-4668-BE54-9A1E7A4F7556}") = "WebApplication.Shared", "WebApplication.Shared\WebApplication.Shared.csproj", "{D5840E1F-969B-41E0-BD96-4DEF0C54923E}"
EndProject
Global
	GlobalSection(SolutionConfigurationPlatforms) = preSolution
		Debug|Any CPU = Debug|Any CPU
		Debug|x64 = Debug|x64
		Debug|x86 = Debug|x86
		Release|Any CPU = Release|Any CPU
		Release|x64 = Release|x64
		Release|x86 = Release|x86
	EndGlobalSection
	GlobalSection(ProjectConfigurationPlatforms) = postSolution
		{9AD42C76-4782-410B-BE6A-C5B9D3451AF3}.Debug|Any CPU.ActiveCfg = Debug|Any CPU
		{9AD42C76-4782-410B-BE6A-C5B9D3451AF3}.Debug|Any CPU.Build.0 = Debug|Any CPU
		{9AD42C76-4782-410B-BE6A-C5B9D3451AF3}.Debug|x64.ActiveCfg = Debug|Any CPU
		{9AD42C76-4782-410B-BE6A-C5B9D3451AF3}.Debug|x64.Build.0 = Debug|Any CPU
		{9AD42C76-4782-410B-BE6A-C5B9D3451AF3}.Debug|x86.ActiveCfg = Debug|Any CPU
		{9AD42C76-4782-410B-BE6A-C5B9D3451AF3}.Debug|x86.Build.0 = Debug|Any CPU
		{9AD42C76-4782-410B-BE6A-C5B9D3451AF3}.Release|Any CPU.ActiveCfg = Release|Any CPU
		{9AD42C76-4782-410B-BE6A-C5B9D3451AF3}.Release|Any CPU.Build.0 = Release|Any CPU
		{9AD42C76-4782-410B-BE6A-C5B9D3451AF3}.Release|x64.ActiveCfg = Release|Any CPU
		{9AD42C76-4782-410B-BE6A-C5B9D3451AF3}.Release|x64.Build.0 = Release|Any CPU
		{9AD42C76-4782-410B-BE6A-C5B9D3451AF3}.Release|x86.ActiveCfg = Release|Any CPU
		{9AD42C76-4782-410B-BE6A-C5B9D3451AF3}.Release|x86.Build.0 = Release|Any CPU
		{E7815DB0-A674-4BC6-9B44-137E58C52A62}.Debug|Any CPU.ActiveCfg = Debug|Any CPU
		{E7815DB0-A674-4BC6-9B44-137E58C52A62}.Debug|Any CPU.Build.0 = Debug|Any CPU
		{E7815DB0-A674-4BC6-9B44-137E58C52A62}.Debug|x64.ActiveCfg = Debug|Any CPU
		{E7815DB0-A674-4BC6-9B44-137E58C52A62}.Debug|x64.Build.0 = Debug|Any CPU
		{E7815DB0-A674-4BC6-9B44-137E58C52A62}.Debug|x86.ActiveCfg = Debug|Any CPU
		{E7815DB0-A674-4BC6-9B44-137E58C52A62}.Debug|x86.Build.0 = Debug|Any CPU
		{E7815DB0-A674-4BC6-9B44-137E58C52A62}.Release|Any CPU.ActiveCfg = Release|Any CPU
		{E7815DB0-A674-4BC6-9B44-137E58C52A62}.Release|Any CPU.Build.0 = Release|Any CPU
		{E7815DB0-A674-4BC6-9B44-137E58C52A62}.Release|x64.ActiveCfg = Release|Any CPU
		{E7815DB0-A674-4BC6-9B44-137E58C52A62}.Release|x64.Build.0 = Release|Any CPU
		{E7815DB0-A674-4BC6-9B44-137E58C52A62}.Release|x86.ActiveCfg = Release|Any CPU
		{E7815DB0-A674-4BC6-9B44-137E58C52A62}.Release|x86.Build.0 = Release|Any CPU
		{D5840E1F-969B-41E0-BD96-4DEF0C54923E}.Debug|Any CPU.ActiveCfg = Debug|Any CPU
		{D5840E1F-969B-41E0-BD96-4DEF0C54923E}.Debug|Any CPU.Build.0 = Debug|Any CPU
		{D5840E1F-969B-41E0-BD96-4DEF0C54923E}.Debug|x64.ActiveCfg = Debug|Any CPU
		{D5840E1F-969B-41E0-BD96-4DEF0C54923E}.Debug|x64.Build.0 = Debug|Any CPU
		{D5840E1F-969B-41E0-BD96-4DEF0C54923E}.Debug|x86.ActiveCfg = Debug|Any CPU
		{D5840E1F-969B-41E0-BD96-4DEF0C54923E}.Debug|x86.Build.0 = Debug|Any CPU
		{D5840E1F-969B-41E0-BD96-4DEF0C54923E}.Release|Any CPU.ActiveCfg = Release|Any CPU
		{D5840E1F-969B-41E0-BD96-4DEF0C54923E}.Release|Any CPU.Build.0 = Release|Any CPU
		{D5840E1F-969B-41E0-BD96-4DEF0C54923E}.Release|x64.ActiveCfg = Release|Any CPU
		{D5840E1F-969B-41E0-BD96-4DEF0C54923E}.Release|x64.Build.0 = Release|Any CPU
		{D5840E1F-969B-41E0-BD96-4DEF0C54923E}.Release|x86.ActiveCfg = Release|Any CPU
		{D5840E1F-969B-41E0-BD96-4DEF0C54923E}.Release|x86.Build.0 = Release|Any CPU
	EndGlobalSection
	GlobalSection(SolutionProperties) = preSolution
		HideSolutionNode = FALSE
	EndGlobalSection
	GlobalSection(ExtensibilityGlobals) = postSolution
		SolutionGuid = {092E1D3D-4E41-4C65-B96A-D9625A022D24}
	EndGlobalSection
EndGlobal
